
Microsoft Visual Studio Solution File, Format Version 12.00
Project("{FAE04EC0-301F-11D3-BF4B-00C04F79EFBC}") = "GetEmne3Oppgaver", "GetEmne3Oppgaver\GetEmne3Oppgaver.csproj", "{87A8A3A7-DB04-486A-B0DC-6CDBBE2C8C98}"
EndProject
Project("{FAE04EC0-301F-11D3-BF4B-00C04F79EFBC}") = "Tests", "Tests\Tests.csproj", "{37EED0A5-DCCE-461F-878A-E1DABEA98F39}"
EndProject
Global
	GlobalSection(SolutionConfigurationPlatforms) = preSolution
		Debug|Any CPU = Debug|Any CPU
		Release|Any CPU = Release|Any CPU
	EndGlobalSection
	GlobalSection(ProjectConfigurationPlatforms) = postSolution
		{87A8A3A7-DB04-486A-B0DC-6CDBBE2C8C98}.Debug|Any CPU.ActiveCfg = Debug|Any CPU
		{87A8A3A7-DB04-486A-B0DC-6CDBBE2C8C98}.Debug|Any CPU.Build.0 = Debug|Any CPU
		{87A8A3A7-DB04-486A-B0DC-6CDBBE2C8C98}.Release|Any CPU.ActiveCfg = Release|Any CPU
		{87A8A3A7-DB04-486A-B0DC-6CDBBE2C8C98}.Release|Any CPU.Build.0 = Release|Any CPU
		{37EED0A5-DCCE-461F-878A-E1DABEA98F39}.Debug|Any CPU.ActiveCfg = Debug|Any CPU
		{37EED0A5-DCCE-461F-878A-E1DABEA98F39}.Debug|Any CPU.Build.0 = Debug|Any CPU
		{37EED0A5-DCCE-461F-878A-E1DABEA98F39}.Release|Any CPU.ActiveCfg = Release|Any CPU
		{37EED0A5-DCCE-461F-878A-E1DABEA98F39}.Release|Any CPU.Build.0 = Release|Any CPU
	EndGlobalSection
EndGlobal
